
Microsoft Visual Studio Solution File, Format Version 12.00
# Visual Studio Version 16
VisualStudioVersion = 16.0.30717.126
MinimumVisualStudioVersion = 10.0.40219.1
Project("{FAE04EC0-301F-11D3-BF4B-00C04F79EFBC}") = "Entities", "Entities\Entities.csproj", "{61F3273C-B4DF-442D-A4D7-B2EE6EEEF8F6}"
EndProject
Global
	GlobalSection(SolutionConfigurationPlatforms) = preSolution
		Debug|Any CPU = Debug|Any CPU
		Release|Any CPU = Release|Any CPU
	EndGlobalSection
	GlobalSection(ProjectConfigurationPlatforms) = postSolution
		{61F3273C-B4DF-442D-A4D7-B2EE6EEEF8F6}.Debug|Any CPU.ActiveCfg = Debug|Any CPU
		{61F3273C-B4DF-442D-A4D7-B2EE6EEEF8F6}.Debug|Any CPU.Build.0 = Debug|Any CPU
		{61F3273C-B4DF-442D-A4D7-B2EE6EEEF8F6}.Release|Any CPU.ActiveCfg = Release|Any CPU
		{61F3273C-B4DF-442D-A4D7-B2EE6EEEF8F6}.Release|Any CPU.Build.0 = Release|Any CPU
	EndGlobalSection
	GlobalSection(SolutionProperties) = preSolution
		HideSolutionNode = FALSE
	EndGlobalSection
	GlobalSection(ExtensibilityGlobals) = postSolution
		SolutionGuid = {88F4295A-91C5-4682-9D84-D4097F824EED}
	EndGlobalSection
EndGlobal
