
Microsoft Visual Studio Solution File, Format Version 12.00
# Visual Studio Version 16
VisualStudioVersion = 16.0.30717.126
MinimumVisualStudioVersion = 10.0.40219.1
Project("{9A19103F-16F7-4668-BE54-9A1E7A4F7556}") = "Entities", "Entities\Entities.csproj", "{61F3273C-B4DF-442D-A4D7-B2EE6EEEF8F6}"
EndProject
Project("{9A19103F-16F7-4668-BE54-9A1E7A4F7556}") = "DataAccess", "DataAccess\DataAccess.csproj", "{52569E75-56EF-4BA5-A131-71E96DD8A9D4}"
EndProject
Project("{9A19103F-16F7-4668-BE54-9A1E7A4F7556}") = "Business", "Business\Business.csproj", "{F11AFF0D-B1E4-42E5-8A15-26F50CBFBD67}"
EndProject
Project("{9A19103F-16F7-4668-BE54-9A1E7A4F7556}") = "ConsoleUI", "ConsoleUI\ConsoleUI.csproj", "{5A49D418-4BB9-427A-8AC0-B5200A6F3CCE}"
EndProject
Project("{9A19103F-16F7-4668-BE54-9A1E7A4F7556}") = "Core", "Core\Core.csproj", "{14113F6C-72EE-4B4F-B686-A5309CF7F206}"
EndProject
Project("{9A19103F-16F7-4668-BE54-9A1E7A4F7556}") = "WebAPI", "WebAPI\WebAPI.csproj", "{D16B1282-72BD-4D9B-8B45-2CD1F565A1CD}"
EndProject
Project("{FAE04EC0-301F-11D3-BF4B-00C04F79EFBC}") = "WebApplication1", "WebApplication1\WebApplication1.csproj", "{4E519F5E-4215-4D4A-9246-FD799D066767}"
EndProject
Global
	GlobalSection(SolutionConfigurationPlatforms) = preSolution
		Debug|Any CPU = Debug|Any CPU
		Release|Any CPU = Release|Any CPU
	EndGlobalSection
	GlobalSection(ProjectConfigurationPlatforms) = postSolution
		{61F3273C-B4DF-442D-A4D7-B2EE6EEEF8F6}.Debug|Any CPU.ActiveCfg = Debug|Any CPU
		{61F3273C-B4DF-442D-A4D7-B2EE6EEEF8F6}.Debug|Any CPU.Build.0 = Debug|Any CPU
		{61F3273C-B4DF-442D-A4D7-B2EE6EEEF8F6}.Release|Any CPU.ActiveCfg = Release|Any CPU
		{61F3273C-B4DF-442D-A4D7-B2EE6EEEF8F6}.Release|Any CPU.Build.0 = Release|Any CPU
		{52569E75-56EF-4BA5-A131-71E96DD8A9D4}.Debug|Any CPU.ActiveCfg = Debug|Any CPU
		{52569E75-56EF-4BA5-A131-71E96DD8A9D4}.Debug|Any CPU.Build.0 = Debug|Any CPU
		{52569E75-56EF-4BA5-A131-71E96DD8A9D4}.Release|Any CPU.ActiveCfg = Release|Any CPU
		{52569E75-56EF-4BA5-A131-71E96DD8A9D4}.Release|Any CPU.Build.0 = Release|Any CPU
		{F11AFF0D-B1E4-42E5-8A15-26F50CBFBD67}.Debug|Any CPU.ActiveCfg = Debug|Any CPU
		{F11AFF0D-B1E4-42E5-8A15-26F50CBFBD67}.Debug|Any CPU.Build.0 = Debug|Any CPU
		{F11AFF0D-B1E4-42E5-8A15-26F50CBFBD67}.Release|Any CPU.ActiveCfg = Release|Any CPU
		{F11AFF0D-B1E4-42E5-8A15-26F50CBFBD67}.Release|Any CPU.Build.0 = Release|Any CPU
		{5A49D418-4BB9-427A-8AC0-B5200A6F3CCE}.Debug|Any CPU.ActiveCfg = Debug|Any CPU
		{5A49D418-4BB9-427A-8AC0-B5200A6F3CCE}.Debug|Any CPU.Build.0 = Debug|Any CPU
		{5A49D418-4BB9-427A-8AC0-B5200A6F3CCE}.Release|Any CPU.ActiveCfg = Release|Any CPU
		{5A49D418-4BB9-427A-8AC0-B5200A6F3CCE}.Release|Any CPU.Build.0 = Release|Any CPU
		{14113F6C-72EE-4B4F-B686-A5309CF7F206}.Debug|Any CPU.ActiveCfg = Debug|Any CPU
		{14113F6C-72EE-4B4F-B686-A5309CF7F206}.Debug|Any CPU.Build.0 = Debug|Any CPU
		{14113F6C-72EE-4B4F-B686-A5309CF7F206}.Release|Any CPU.ActiveCfg = Release|Any CPU
		{14113F6C-72EE-4B4F-B686-A5309CF7F206}.Release|Any CPU.Build.0 = Release|Any CPU
		{D16B1282-72BD-4D9B-8B45-2CD1F565A1CD}.Debug|Any CPU.ActiveCfg = Debug|Any CPU
		{D16B1282-72BD-4D9B-8B45-2CD1F565A1CD}.Debug|Any CPU.Build.0 = Debug|Any CPU
		{D16B1282-72BD-4D9B-8B45-2CD1F565A1CD}.Release|Any CPU.ActiveCfg = Release|Any CPU
		{D16B1282-72BD-4D9B-8B45-2CD1F565A1CD}.Release|Any CPU.Build.0 = Release|Any CPU
		{4E519F5E-4215-4D4A-9246-FD799D066767}.Debug|Any CPU.ActiveCfg = Debug|Any CPU
		{4E519F5E-4215-4D4A-9246-FD799D066767}.Debug|Any CPU.Build.0 = Debug|Any CPU
		{4E519F5E-4215-4D4A-9246-FD799D066767}.Release|Any CPU.ActiveCfg = Release|Any CPU
		{4E519F5E-4215-4D4A-9246-FD799D066767}.Release|Any CPU.Build.0 = Release|Any CPU
	EndGlobalSection
	GlobalSection(SolutionProperties) = preSolution
		HideSolutionNode = FALSE
	EndGlobalSection
	GlobalSection(ExtensibilityGlobals) = postSolution
		SolutionGuid = {88F4295A-91C5-4682-9D84-D4097F824EED}
	EndGlobalSection
EndGlobal
